
Microsoft Visual Studio Solution File, Format Version 12.00
# Visual Studio Version 17
VisualStudioVersion = 17.3.32825.248
MinimumVisualStudioVersion = 10.0.40219.1
Project("{FAE04EC0-301F-11D3-BF4B-00C04F79EFBC}") = "CaseCount", "CaseCount\CaseCount.csproj", "{BA91A626-9F0F-4B1F-855D-6F4BF13004AC}"
EndProject
Global
	GlobalSection(SolutionConfigurationPlatforms) = preSolution
		Debug|Any CPU = Debug|Any CPU
		Release|Any CPU = Release|Any CPU
	EndGlobalSection
	GlobalSection(ProjectConfigurationPlatforms) = postSolution
		{BA91A626-9F0F-4B1F-855D-6F4BF13004AC}.Debug|Any CPU.ActiveCfg = Debug|Any CPU
		{BA91A626-9F0F-4B1F-855D-6F4BF13004AC}.Debug|Any CPU.Build.0 = Debug|Any CPU
		{BA91A626-9F0F-4B1F-855D-6F4BF13004AC}.Release|Any CPU.ActiveCfg = Release|Any CPU
		{BA91A626-9F0F-4B1F-855D-6F4BF13004AC}.Release|Any CPU.Build.0 = Release|Any CPU
	EndGlobalSection
	GlobalSection(SolutionProperties) = preSolution
		HideSolutionNode = FALSE
	EndGlobalSection
	GlobalSection(ExtensibilityGlobals) = postSolution
		SolutionGuid = {8715D921-AE97-4693-B59C-16F76617BDA1}
	EndGlobalSection
EndGlobal
